// !$*UTF8*$!
{
	archiveVersion = 1;
	classes = {
	};
	objectVersion = 50;
	objects = {

/* Begin PBXBuildFile section */
		4BB084BB24F2329B00BF6060 /* AppDelegate.swift in Sources */ = {isa = PBXBuildFile; fileRef = 4BB084BA24F2329B00BF6060 /* AppDelegate.swift */; };
		4BB084BD24F2329B00BF6060 /* SceneDelegate.swift in Sources */ = {isa = PBXBuildFile; fileRef = 4BB084BC24F2329B00BF6060 /* SceneDelegate.swift */; };
		4BB084BF24F2329B00BF6060 /* ContentView.swift in Sources */ = {isa = PBXBuildFile; fileRef = 4BB084BE24F2329B00BF6060 /* ContentView.swift */; };
		4BB084C124F2329E00BF6060 /* Assets.xcassets in Resources */ = {isa = PBXBuildFile; fileRef = 4BB084C024F2329E00BF6060 /* Assets.xcassets */; };
		4BB084C424F2329E00BF6060 /* Preview Assets.xcassets in Resources */ = {isa = PBXBuildFile; fileRef = 4BB084C324F2329E00BF6060 /* Preview Assets.xcassets */; };
		4BB084C724F2329E00BF6060 /* LaunchScreen.storyboard in Resources */ = {isa = PBXBuildFile; fileRef = 4BB084C524F2329E00BF6060 /* LaunchScreen.storyboard */; };
/* End PBXBuildFile section */

/* Begin PBXFileReference section */
		4BB084B724F2329B00BF6060 /* MyDouYu.app */ = {isa = PBXFileReference; explicitFileType = wrapper.application; includeInIndex = 0; path = MyDouYu.app; sourceTree = BUILT_PRODUCTS_DIR; };
		4BB084BA24F2329B00BF6060 /* AppDelegate.swift */ = {isa = PBXFileReference; lastKnownFileType = sourcecode.swift; path = AppDelegate.swift; sourceTree = "<group>"; };
		4BB084BC24F2329B00BF6060 /* SceneDelegate.swift */ = {isa = PBXFileReference; lastKnownFileType = sourcecode.swift; path = SceneDelegate.swift; sourceTree = "<group>"; };
		4BB084BE24F2329B00BF6060 /* ContentView.swift */ = {isa = PBXFileReference; lastKnownFileType = sourcecode.swift; path = ContentView.swift; sourceTree = "<group>"; };
		4BB084C024F2329E00BF6060 /* Assets.xcassets */ = {isa = PBXFileReference; lastKnownFileType = folder.assetcatalog; path = Assets.xcassets; sourceTree = "<group>"; };
		4BB084C324F2329E00BF6060 /* Preview Assets.xcassets */ = {isa = PBXFileReference; lastKnownFileType = folder.assetcatalog; path = "Preview Assets.xcassets"; sourceTree = "<group>"; };
		4BB084C624F2329E00BF6060 /* Base */ = {isa = PBXFileReference; lastKnownFileType = file.storyboard; name = Base; path = Base.lproj/LaunchScreen.storyboard; sourceTree = "<group>"; };
		4BB084C824F2329E00BF6060 /* Info.plist */ = {isa = PBXFileReference; lastKnownFileType = text.plist.xml; path = Info.plist; sourceTree = "<group>"; };
/* End PBXFileReference section */

/* Begin PBXFrameworksBuildPhase section */
		4BB084B424F2329B00BF6060 /* Frameworks */ = {
			isa = PBXFrameworksBuildPhase;
			buildActionMask = 2147483647;
			files = (
			);
			runOnlyForDeploymentPostprocessing = 0;
		};
/* End PBXFrameworksBuildPhase section */

/* Begin PBXGroup section */
		4BB084AE24F2329B00BF6060 = {
			isa = PBXGroup;
			children = (
				4BB084B924F2329B00BF6060 /* MyDouYu */,
				4BB084B824F2329B00BF6060 /* Products */,
			);
			sourceTree = "<group>";
		};
		4BB084B824F2329B00BF6060 /* Products */ = {
			isa = PBXGroup;
			children = (
				4BB084B724F2329B00BF6060 /* MyDouYu.app */,
			);
			name = Products;
			sourceTree = "<group>";
		};
		4BB084B924F2329B00BF6060 /* MyDouYu */ = {
			isa = PBXGroup;
			children = (
				4BB084CE24F261F800BF6060 /* Classes */,
				4BB084BA24F2329B00BF6060 /* AppDelegate.swift */,
				4BB084BC24F2329B00BF6060 /* SceneDelegate.swift */,
				4BB084BE24F2329B00BF6060 /* ContentView.swift */,
				4BB084C024F2329E00BF6060 /* Assets.xcassets */,
				4BB084C524F2329E00BF6060 /* LaunchScreen.storyboard */,
				4BB084C824F2329E00BF6060 /* Info.plist */,
				4BB084C224F2329E00BF6060 /* Preview Content */,
			);
			path = MyDouYu;
			sourceTree = "<group>";
		};
		4BB084C224F2329E00BF6060 /* Preview Content */ = {
			isa = PBXGroup;
			children = (
				4BB084C324F2329E00BF6060 /* Preview Assets.xcassets */,
			);
			path = "Preview Content";
			sourceTree = "<group>";
		};
		4BB084CE24F261F800BF6060 /* Classes */ = {
			isa = PBXGroup;
			children = (
				4BB084D424F261F800BF6060 /* Main */,
				4BB084CF24F261F800BF6060 /* Home */,
				4BB084D324F261F800BF6060 /* Live */,
				4BB084D024F261F800BF6060 /* Tools */,
				4BB084D124F261F800BF6060 /* Follow */,
				4BB084D224F261F800BF6060 /* Profile */,
			);
			path = Classes;
			sourceTree = "<group>";
		};
		4BB084CF24F261F800BF6060 /* Home */ = {
			isa = PBXGroup;
			children = (
			);
			path = Home;
			sourceTree = "<group>";
		};
		4BB084D024F261F800BF6060 /* Tools */ = {
			isa = PBXGroup;
			children = (
			);
			path = Tools;
			sourceTree = "<group>";
		};
		4BB084D124F261F800BF6060 /* Follow */ = {
			isa = PBXGroup;
			children = (
			);
			path = Follow;
			sourceTree = "<group>";
		};
		4BB084D224F261F800BF6060 /* Profile */ = {
			isa = PBXGroup;
			children = (
			);
			path = Profile;
			sourceTree = "<group>";
		};
		4BB084D324F261F800BF6060 /* Live */ = {
			isa = PBXGroup;
			children = (
			);
			path = Live;
			sourceTree = "<group>";
		};
		4BB084D424F261F800BF6060 /* Main */ = {
			isa = PBXGroup;
			children = (
			);
			path = Main;
			sourceTree = "<group>";
		};
/* End PBXGroup section */

/* Begin PBXNativeTarget section */
		4BB084B624F2329B00BF6060 /* MyDouYu */ = {
			isa = PBXNativeTarget;
			buildConfigurationList = 4BB084CB24F2329E00BF6060 /* Build configuration list for PBXNativeTarget "MyDouYu" */;
			buildPhases = (
				4BB084B324F2329B00BF6060 /* Sources */,
				4BB084B424F2329B00BF6060 /* Frameworks */,
				4BB084B524F2329B00BF6060 /* Resources */,
			);
			buildRules = (
			);
			dependencies = (
			);
			name = MyDouYu;
			productName = MyDouYu;
			productReference = 4BB084B724F2329B00BF6060 /* MyDouYu.app */;
			productType = "com.apple.product-type.application";
		};
/* End PBXNativeTarget section */

/* Begin PBXProject section */
		4BB084AF24F2329B00BF6060 /* Project object */ = {
			isa = PBXProject;
			attributes = {
				LastSwiftUpdateCheck = 1160;
				LastUpgradeCheck = 1160;
				ORGANIZATIONNAME = lbric;
				TargetAttributes = {
					4BB084B624F2329B00BF6060 = {
						CreatedOnToolsVersion = 11.6;
					};
				};
			};
			buildConfigurationList = 4BB084B224F2329B00BF6060 /* Build configuration list for PBXProject "MyDouYu" */;
			compatibilityVersion = "Xcode 9.3";
			developmentRegion = en;
			hasScannedForEncodings = 0;
			knownRegions = (
				en,
				Base,
			);
			mainGroup = 4BB084AE24F2329B00BF6060;
			productRefGroup = 4BB084B824F2329B00BF6060 /* Products */;
			projectDirPath = "";
			projectRoot = "";
			targets = (
				4BB084B624F2329B00BF6060 /* MyDouYu */,
			);
		};
/* End PBXProject section */

/* Begin PBXResourcesBuildPhase section */
		4BB084B524F2329B00BF6060 /* Resources */ = {
			isa = PBXResourcesBuildPhase;
			buildActionMask = 2147483647;
			files = (
				4BB084C724F2329E00BF6060 /* LaunchScreen.storyboard in Resources */,
				4BB084C424F2329E00BF6060 /* Preview Assets.xcassets in Resources */,
				4BB084C124F2329E00BF6060 /* Assets.xcassets in Resources */,
			);
			runOnlyForDeploymentPostprocessing = 0;
		};
/* End PBXResourcesBuildPhase section */

/* Begin PBXSourcesBuildPhase section */
		4BB084B324F2329B00BF6060 /* Sources */ = {
			isa = PBXSourcesBuildPhase;
			buildActionMask = 2147483647;
			files = (
				4BB084BB24F2329B00BF6060 /* AppDelegate.swift in Sources */,
				4BB084BD24F2329B00BF6060 /* SceneDelegate.swift in Sources */,
				4BB084BF24F2329B00BF6060 /* ContentView.swift in Sources */,
			);
			runOnlyForDeploymentPostprocessing = 0;
		};
/* End PBXSourcesBuildPhase section */

/* Begin PBXVariantGroup section */
		4BB084C524F2329E00BF6060 /* LaunchScreen.storyboard */ = {
			isa = PBXVariantGroup;
			children = (
				4BB084C624F2329E00BF6060 /* Base */,
			);
			name = LaunchScreen.storyboard;
			sourceTree = "<group>";
		};
/* End PBXVariantGroup section */

/* Begin XCBuildConfiguration section */
		4BB084C924F2329E00BF6060 /* Debug */ = {
			isa = XCBuildConfiguration;
			buildSettings = {
				ALWAYS_SEARCH_USER_PATHS = NO;
				CLANG_ANALYZER_NONNULL = YES;
				CLANG_ANALYZER_NUMBER_OBJECT_CONVERSION = YES_AGGRESSIVE;
				CLANG_CXX_LANGUAGE_STANDARD = "gnu++14";
				CLANG_CXX_LIBRARY = "libc++";
				CLANG_ENABLE_MODULES = YES;
				CLANG_ENABLE_OBJC_ARC = YES;
				CLANG_ENABLE_OBJC_WEAK = YES;
				CLANG_WARN_BLOCK_CAPTURE_AUTORELEASING = YES;
				CLANG_WARN_BOOL_CONVERSION = YES;
				CLANG_WARN_COMMA = YES;
				CLANG_WARN_CONSTANT_CONVERSION = YES;
				CLANG_WARN_DEPRECATED_OBJC_IMPLEMENTATIONS = YES;
				CLANG_WARN_DIRECT_OBJC_ISA_USAGE = YES_ERROR;
				CLANG_WARN_DOCUMENTATION_COMMENTS = YES;
				CLANG_WARN_EMPTY_BODY = YES;
				CLANG_WARN_ENUM_CONVERSION = YES;
				CLANG_WARN_INFINITE_RECURSION = YES;
				CLANG_WARN_INT_CONVERSION = YES;
				CLANG_WARN_NON_LITERAL_NULL_CONVERSION = YES;
				CLANG_WARN_OBJC_IMPLICIT_RETAIN_SELF = YES;
				CLANG_WARN_OBJC_LITERAL_CONVERSION = YES;
				CLANG_WARN_OBJC_ROOT_CLASS = YES_ERROR;
				CLANG_WARN_RANGE_LOOP_ANALYSIS = YES;
				CLANG_WARN_STRICT_PROTOTYPES = YES;
				CLANG_WARN_SUSPICIOUS_MOVE = YES;
				CLANG_WARN_UNGUARDED_AVAILABILITY = YES_AGGRESSIVE;
				CLANG_WARN_UNREACHABLE_CODE = YES;
				CLANG_WARN__DUPLICATE_METHOD_MATCH = YES;
				COPY_PHASE_STRIP = NO;
				DEBUG_INFORMATION_FORMAT = dwarf;
				ENABLE_STRICT_OBJC_MSGSEND = YES;
				ENABLE_TESTABILITY = YES;
				GCC_C_LANGUAGE_STANDARD = gnu11;
				GCC_DYNAMIC_NO_PIC = NO;
				GCC_NO_COMMON_BLOCKS = YES;
				GCC_OPTIMIZATION_LEVEL = 0;
				GCC_PREPROCESSOR_DEFINITIONS = (
					"DEBUG=1",
					"$(inherited)",
				);
				GCC_WARN_64_TO_32_BIT_CONVERSION = YES;
				GCC_WARN_ABOUT_RETURN_TYPE = YES_ERROR;
				GCC_WARN_UNDECLARED_SELECTOR = YES;
				GCC_WARN_UNINITIALIZED_AUTOS = YES_AGGRESSIVE;
				GCC_WARN_UNUSED_FUNCTION = YES;
				GCC_WARN_UNUSED_VARIABLE = YES;
				IPHONEOS_DEPLOYMENT_TARGET = 13.6;
				MTL_ENABLE_DEBUG_INFO = INCLUDE_SOURCE;
				MTL_FAST_MATH = YES;
				ONLY_ACTIVE_ARCH = YES;
				SDKROOT = iphoneos;
				SWIFT_ACTIVE_COMPILATION_CONDITIONS = DEBUG;
				SWIFT_OPTIMIZATION_LEVEL = "-Onone";
			};
			name = Debug;
		};
		4BB084CA24F2329E00BF6060 /* Release */ = {
			isa = XCBuildConfiguration;
			buildSettings = {
				ALWAYS_SEARCH_USER_PATHS = NO;
				CLANG_ANALYZER_NONNULL = YES;
				CLANG_ANALYZER_NUMBER_OBJECT_CONVERSION = YES_AGGRESSIVE;
				CLANG_CXX_LANGUAGE_STANDARD = "gnu++14";
				CLANG_CXX_LIBRARY = "libc++";
				CLANG_ENABLE_MODULES = YES;
				CLANG_ENABLE_OBJC_ARC = YES;
				CLANG_ENABLE_OBJC_WEAK = YES;
				CLANG_WARN_BLOCK_CAPTURE_AUTORELEASING = YES;
				CLANG_WARN_BOOL_CONVERSION = YES;
				CLANG_WARN_COMMA = YES;
				CLANG_WARN_CONSTANT_CONVERSION = YES;
				CLANG_WARN_DEPRECATED_OBJC_IMPLEMENTATIONS = YES;
				CLANG_WARN_DIRECT_OBJC_ISA_USAGE = YES_ERROR;
				CLANG_WARN_DOCUMENTATION_COMMENTS = YES;
				CLANG_WARN_EMPTY_BODY = YES;
				CLANG_WARN_ENUM_CONVERSION = YES;
				CLANG_WARN_INFINITE_RECURSION = YES;
				CLANG_WARN_INT_CONVERSION = YES;
				CLANG_WARN_NON_LITERAL_NULL_CONVERSION = YES;
				CLANG_WARN_OBJC_IMPLICIT_RETAIN_SELF = YES;
				CLANG_WARN_OBJC_LITERAL_CONVERSION = YES;
				CLANG_WARN_OBJC_ROOT_CLASS = YES_ERROR;
				CLANG_WARN_RANGE_LOOP_ANALYSIS = YES;
				CLANG_WARN_STRICT_PROTOTYPES = YES;
				CLANG_WARN_SUSPICIOUS_MOVE = YES;
				CLANG_WARN_UNGUARDED_AVAILABILITY = YES_AGGRESSIVE;
				CLANG_WARN_UNREACHABLE_CODE = YES;
				CLANG_WARN__DUPLICATE_METHOD_MATCH = YES;
				COPY_PHASE_STRIP = NO;
				DEBUG_INFORMATION_FORMAT = "dwarf-with-dsym";
				ENABLE_NS_ASSERTIONS = NO;
				ENABLE_STRICT_OBJC_MSGSEND = YES;
				GCC_C_LANGUAGE_STANDARD = gnu11;
				GCC_NO_COMMON_BLOCKS = YES;
				GCC_WARN_64_TO_32_BIT_CONVERSION = YES;
				GCC_WARN_ABOUT_RETURN_TYPE = YES_ERROR;
				GCC_WARN_UNDECLARED_SELECTOR = YES;
				GCC_WARN_UNINITIALIZED_AUTOS = YES_AGGRESSIVE;
				GCC_WARN_UNUSED_FUNCTION = YES;
				GCC_WARN_UNUSED_VARIABLE = YES;
				IPHONEOS_DEPLOYMENT_TARGET = 13.6;
				MTL_ENABLE_DEBUG_INFO = NO;
				MTL_FAST_MATH = YES;
				SDKROOT = iphoneos;
				SWIFT_COMPILATION_MODE = wholemodule;
				SWIFT_OPTIMIZATION_LEVEL = "-O";
				VALIDATE_PRODUCT = YES;
			};
			name = Release;
		};
		4BB084CC24F2329E00BF6060 /* Debug */ = {
			isa = XCBuildConfiguration;
			buildSettings = {
				ASSETCATALOG_COMPILER_APPICON_NAME = AppIcon;
				CODE_SIGN_STYLE = Automatic;
				DEVELOPMENT_ASSET_PATHS = "\"MyDouYu/Preview Content\"";
				DEVELOPMENT_TEAM = 8RMD88L2DB;
				ENABLE_PREVIEWS = YES;
				INFOPLIST_FILE = MyDouYu/Info.plist;
				LD_RUNPATH_SEARCH_PATHS = (
					"$(inherited)",
					"@executable_path/Frameworks",
				);
				PRODUCT_BUNDLE_IDENTIFIER = lbric.MyDouYu;
				PRODUCT_NAME = "$(TARGET_NAME)";
				SWIFT_VERSION = 5.0;
				TARGETED_DEVICE_FAMILY = "1,2";
			};
			name = Debug;
		};
		4BB084CD24F2329E00BF6060 /* Release */ = {
			isa = XCBuildConfiguration;
			buildSettings = {
				ASSETCATALOG_COMPILER_APPICON_NAME = AppIcon;
				CODE_SIGN_STYLE = Automatic;
				DEVELOPMENT_ASSET_PATHS = "\"MyDouYu/Preview Content\"";
				DEVELOPMENT_TEAM = 8RMD88L2DB;
				ENABLE_PREVIEWS = YES;
				INFOPLIST_FILE = MyDouYu/Info.plist;
				LD_RUNPATH_SEARCH_PATHS = (
					"$(inherited)",
					"@executable_path/Frameworks",
				);
				PRODUCT_BUNDLE_IDENTIFIER = lbric.MyDouYu;
				PRODUCT_NAME = "$(TARGET_NAME)";
				SWIFT_VERSION = 5.0;
				TARGETED_DEVICE_FAMILY = "1,2";
			};
			name = Release;
		};
/* End XCBuildConfiguration section */

/* Begin XCConfigurationList section */
		4BB084B224F2329B00BF6060 /* Build configuration list for PBXProject "MyDouYu" */ = {
			isa = XCConfigurationList;
			buildConfigurations = (
				4BB084C924F2329E00BF6060 /* Debug */,
				4BB084CA24F2329E00BF6060 /* Release */,
			);
			defaultConfigurationIsVisible = 0;
			defaultConfigurationName = Release;
		};
		4BB084CB24F2329E00BF6060 /* Build configuration list for PBXNativeTarget "MyDouYu" */ = {
			isa = XCConfigurationList;
			buildConfigurations = (
				4BB084CC24F2329E00BF6060 /* Debug */,
				4BB084CD24F2329E00BF6060 /* Release */,
			);
			defaultConfigurationIsVisible = 0;
			defaultConfigurationName = Release;
		};
/* End XCConfigurationList section */
	};
	rootObject = 4BB084AF24F2329B00BF6060 /* Project object */;
}
